
Microsoft Visual Studio Solution File, Format Version 12.00
# Visual Studio 15
VisualStudioVersion = 15.0.28307.1340
MinimumVisualStudioVersion = 10.0.40219.1
Project("{FAE04EC0-301F-11D3-BF4B-00C04F79EFBC}") = "DemoMVC", "DemoMVC\DemoMVC.csproj", "{3317D7A4-5630-4F04-AE13-0D257152EAC3}"
EndProject
Global
	GlobalSection(SolutionConfigurationPlatforms) = preSolution
		Debug|Any CPU = Debug|Any CPU
		Release|Any CPU = Release|Any CPU
	EndGlobalSection
	GlobalSection(ProjectConfigurationPlatforms) = postSolution
		{3317D7A4-5630-4F04-AE13-0D257152EAC3}.Debug|Any CPU.ActiveCfg = Debug|Any CPU
		{3317D7A4-5630-4F04-AE13-0D257152EAC3}.Debug|Any CPU.Build.0 = Debug|Any CPU
		{3317D7A4-5630-4F04-AE13-0D257152EAC3}.Release|Any CPU.ActiveCfg = Release|Any CPU
		{3317D7A4-5630-4F04-AE13-0D257152EAC3}.Release|Any CPU.Build.0 = Release|Any CPU
	EndGlobalSection
	GlobalSection(SolutionProperties) = preSolution
		HideSolutionNode = FALSE
	EndGlobalSection
	GlobalSection(ExtensibilityGlobals) = postSolution
		SolutionGuid = {914773FA-A4F4-40B7-84C8-1035583F9353}
	EndGlobalSection
EndGlobal
